# This file is automatically @generated by Cargo.
# It is not intended for manual editing.
version = 4

[[package]]
name = "composition"
version = "0.1.0"
dependencies = [
 "consensus-core",
 "reputation-core",
]

[[package]]
name = "consensus-core"
version = "0.1.0"

[[package]]
name = "content-id"
version = "0.1.0"
dependencies = [
 "consensus-core",
]

[[package]]
name = "forum-core"
version = "0.1.0"
dependencies = [
 "content-id",
]

[[package]]
name = "manifesto-core"
version = "0.1.0"
dependencies = [
 "consensus-core",
]

[[package]]
name = "protocol-core"
version = "0.1.0"
dependencies = [
 "consensus-core",
 "reputation-core",
]

[[package]]
name = "reputation-core"
version = "0.1.0"

[[package]]
name = "sphinx-core"
version = "0.1.0"
dependencies = [
 "consensus-core",
]

[[package]]
name = "tokens-core"
version = "0.1.0"
